
Microsoft Visual Studio Solution File, Format Version 12.00
# Visual Studio 15
VisualStudioVersion = 15.0.34829.251
MinimumVisualStudioVersion = 10.0.40219.1
Project("{D2ABAB84-BF74-430A-B69E-9DC6D40DDA17}") = "MultidimensionalProject1", "MultidimensionalProject1\MultidimensionalProject1.dwproj", "{CD2A505B-BA48-4C1C-B4DF-D9200CA24079}"
EndProject
Global
	GlobalSection(SolutionConfigurationPlatforms) = preSolution
		Development|Default = Development|Default
	EndGlobalSection
	GlobalSection(ProjectConfigurationPlatforms) = postSolution
		{CD2A505B-BA48-4C1C-B4DF-D9200CA24079}.Development|Default.ActiveCfg = Development
		{CD2A505B-BA48-4C1C-B4DF-D9200CA24079}.Development|Default.Build.0 = Development
		{CD2A505B-BA48-4C1C-B4DF-D9200CA24079}.Development|Default.Deploy.0 = Development
	EndGlobalSection
	GlobalSection(SolutionProperties) = preSolution
		HideSolutionNode = FALSE
	EndGlobalSection
	GlobalSection(ExtensibilityGlobals) = postSolution
		SolutionGuid = {F8CD8D7B-6973-439D-B6AF-2657FF5DE978}
	EndGlobalSection
EndGlobal
